
Microsoft Visual Studio Solution File, Format Version 12.00
# Visual Studio Version 16
VisualStudioVersion = 16.0.32510.428
MinimumVisualStudioVersion = 10.0.40219.1
Project("{FAE04EC0-301F-11D3-BF4B-00C04F79EFBC}") = "ASUS Browser", "ASUS Browser\ASUS Browser.csproj", "{C6F2EF4F-0F9B-44A9-BBB0-568F6245C172}"
EndProject
Global
	GlobalSection(SolutionConfigurationPlatforms) = preSolution
		Debug|Any CPU = Debug|Any CPU
		Release|Any CPU = Release|Any CPU
	EndGlobalSection
	GlobalSection(ProjectConfigurationPlatforms) = postSolution
		{C6F2EF4F-0F9B-44A9-BBB0-568F6245C172}.Debug|Any CPU.ActiveCfg = Debug|Any CPU
		{C6F2EF4F-0F9B-44A9-BBB0-568F6245C172}.Debug|Any CPU.Build.0 = Debug|Any CPU
		{C6F2EF4F-0F9B-44A9-BBB0-568F6245C172}.Release|Any CPU.ActiveCfg = Release|Any CPU
		{C6F2EF4F-0F9B-44A9-BBB0-568F6245C172}.Release|Any CPU.Build.0 = Release|Any CPU
	EndGlobalSection
	GlobalSection(SolutionProperties) = preSolution
		HideSolutionNode = FALSE
	EndGlobalSection
	GlobalSection(ExtensibilityGlobals) = postSolution
		SolutionGuid = {1CCD3F28-80EE-4CFA-AA72-3AAD5DD449B7}
	EndGlobalSection
EndGlobal
